// !$*UTF8*$!
{
	archiveVersion = 1;
	classes = {
	};
	objectVersion = 50;
	objects = {

/* Begin PBXBuildFile section */
		673289312142B38D008FC3A0 /* AudioEffectsGenerator.swift in Sources */ = {isa = PBXBuildFile; fileRef = 673289302142B38D008FC3A0 /* AudioEffectsGenerator.swift */; };
		6732893B2142B5E1008FC3A0 /* goToMenuSound in Resources */ = {isa = PBXBuildFile; fileRef = 673289332142B5DD008FC3A0 /* goToMenuSound */; };
		6732893C2142B5E1008FC3A0 /* win:losee in Resources */ = {isa = PBXBuildFile; fileRef = 673289342142B5DE008FC3A0 /* win:losee */; };
		6732893D2142B5E1008FC3A0 /* readySounds in Resources */ = {isa = PBXBuildFile; fileRef = 673289352142B5DE008FC3A0 /* readySounds */; };
		6732893E2142B5E1008FC3A0 /* wait4Tolong in Resources */ = {isa = PBXBuildFile; fileRef = 673289362142B5DF008FC3A0 /* wait4Tolong */; };
		673289402142B5E1008FC3A0 /* counter in Resources */ = {isa = PBXBuildFile; fileRef = 673289382142B5DF008FC3A0 /* counter */; };
		673289412142B5E1008FC3A0 /* gameInMenuEnter in Resources */ = {isa = PBXBuildFile; fileRef = 673289392142B5E0008FC3A0 /* gameInMenuEnter */; };
		673289422142B5E1008FC3A0 /* spell in Resources */ = {isa = PBXBuildFile; fileRef = 6732893A2142B5E0008FC3A0 /* spell */; };
		6732894C2142B647008FC3A0 /* science_fiction_laser_gun_slinky.mp3 in Resources */ = {isa = PBXBuildFile; fileRef = 673289442142B646008FC3A0 /* science_fiction_laser_gun_slinky.mp3 */; };
		6732894D2142B647008FC3A0 /* science_fiction_laser_005.mp3 in Resources */ = {isa = PBXBuildFile; fileRef = 673289452142B646008FC3A0 /* science_fiction_laser_005.mp3 */; };
		6732894E2142B647008FC3A0 /* sound_design_effect_descend_futuristic_short.mp3 in Resources */ = {isa = PBXBuildFile; fileRef = 673289462142B646008FC3A0 /* sound_design_effect_descend_futuristic_short.mp3 */; };
		6732894F2142B647008FC3A0 /* julien_matthey_science_fiction_laser_001.mp3 in Resources */ = {isa = PBXBuildFile; fileRef = 673289472142B646008FC3A0 /* julien_matthey_science_fiction_laser_001.mp3 */; };
		673289502142B647008FC3A0 /* LIGHTSABER.mp3 in Resources */ = {isa = PBXBuildFile; fileRef = 673289482142B646008FC3A0 /* LIGHTSABER.mp3 */; };
		673289512142B647008FC3A0 /* little_robot_sound_factory_Laser_04.mp3 in Resources */ = {isa = PBXBuildFile; fileRef = 673289492142B646008FC3A0 /* little_robot_sound_factory_Laser_04.mp3 */; };
		673289522142B647008FC3A0 /* LIGHTSABER #2.mp3 in Resources */ = {isa = PBXBuildFile; fileRef = 6732894A2142B647008FC3A0 /* LIGHTSABER #2.mp3 */; };
		673289532142B647008FC3A0 /* science_fiction_laser_002.mp3 in Resources */ = {isa = PBXBuildFile; fileRef = 6732894B2142B647008FC3A0 /* science_fiction_laser_002.mp3 */; };
		677CF1002137E7BB0081AB38 /* NavigationController.swift in Sources */ = {isa = PBXBuildFile; fileRef = 677CF0FF2137E7BB0081AB38 /* NavigationController.swift */; };
		677CF10221385D070081AB38 /* MenuViewController.swift in Sources */ = {isa = PBXBuildFile; fileRef = 677CF10121385D070081AB38 /* MenuViewController.swift */; };
		677CF111213C8DD00081AB38 /* StatisticTimerExtension.swift in Sources */ = {isa = PBXBuildFile; fileRef = 677CF10F213C8DD00081AB38 /* StatisticTimerExtension.swift */; };
		677CF112213C8DD00081AB38 /* CountDownTimerExtension.swift in Sources */ = {isa = PBXBuildFile; fileRef = 677CF110213C8DD00081AB38 /* CountDownTimerExtension.swift */; };
		67C796012114B59800F751A6 /* Info.plist in Resources */ = {isa = PBXBuildFile; fileRef = 882582E020BED6240005969D /* Info.plist */; };
		67C796052114BB2F00F751A6 /* Info.plist in Resources */ = {isa = PBXBuildFile; fileRef = 882582E020BED6240005969D /* Info.plist */; };
		67C796062114BB3400F751A6 /* Info.plist in Resources */ = {isa = PBXBuildFile; fileRef = 882582E020BED6240005969D /* Info.plist */; };
		67C796082116F35C00F751A6 /* Wizards' Magic.ttf in Resources */ = {isa = PBXBuildFile; fileRef = 67C796072116F35C00F751A6 /* Wizards' Magic.ttf */; };
		67C7960A2116F37200F751A6 /* wizzta.ttf in Resources */ = {isa = PBXBuildFile; fileRef = 67C796092116F37200F751A6 /* wizzta.ttf */; };
		67C7960C211767B400F751A6 /* DJB I Love a Ginger.ttf in Resources */ = {isa = PBXBuildFile; fileRef = 67C7960B211767B300F751A6 /* DJB I Love a Ginger.ttf */; };
		67E94343213E93CC006DC239 /* SkinsViewController.swift in Sources */ = {isa = PBXBuildFile; fileRef = 67E94342213E93CC006DC239 /* SkinsViewController.swift */; };
		67E94345213E93DB006DC239 /* RulesViewController.swift in Sources */ = {isa = PBXBuildFile; fileRef = 67E94344213E93DB006DC239 /* RulesViewController.swift */; };
		67E94347213E93F7006DC239 /* InfoViewController.swift in Sources */ = {isa = PBXBuildFile; fileRef = 67E94346213E93F7006DC239 /* InfoViewController.swift */; };
		882582D520BED6220005969D /* AppDelegate.swift in Sources */ = {isa = PBXBuildFile; fileRef = 882582D420BED6220005969D /* AppDelegate.swift */; };
		882582D720BED6220005969D /* GameViewController.swift in Sources */ = {isa = PBXBuildFile; fileRef = 882582D620BED6220005969D /* GameViewController.swift */; };
		882582DA20BED6220005969D /* Main.storyboard in Resources */ = {isa = PBXBuildFile; fileRef = 882582D820BED6220005969D /* Main.storyboard */; };
		882582DF20BED6240005969D /* LaunchScreen.storyboard in Resources */ = {isa = PBXBuildFile; fileRef = 882582DD20BED6240005969D /* LaunchScreen.storyboard */; };
		882582EA20BED6250005969D /* strongest_mageTests.swift in Sources */ = {isa = PBXBuildFile; fileRef = 882582E920BED6250005969D /* strongest_mageTests.swift */; };
		882582F520BED6250005969D /* strongest_mageUITests.swift in Sources */ = {isa = PBXBuildFile; fileRef = 882582F420BED6250005969D /* strongest_mageUITests.swift */; };
		885B229B20BF47BD009AEFA5 /* Assets.xcassets in Resources */ = {isa = PBXBuildFile; fileRef = 885B229A20BF47BD009AEFA5 /* Assets.xcassets */; };
		D51A83A42127262300718256 /* PhrasesGenerator.swift in Sources */ = {isa = PBXBuildFile; fileRef = D51A83A32127262300718256 /* PhrasesGenerator.swift */; };
		D57BF0E621168B5100AD4E89 /* octin vintage b rg.ttf in Resources */ = {isa = PBXBuildFile; fileRef = D57BF0E521168B5100AD4E89 /* octin vintage b rg.ttf */; };
		D5D9ABB821275E7700D02C22 /* GameScene.swift in Sources */ = {isa = PBXBuildFile; fileRef = D5D9ABB721275E7700D02C22 /* GameScene.swift */; };
		D5D9ABBA21275EA200D02C22 /* Mage.swift in Sources */ = {isa = PBXBuildFile; fileRef = D5D9ABB921275EA200D02C22 /* Mage.swift */; };
/* End PBXBuildFile section */

/* Begin PBXContainerItemProxy section */
		882582E620BED6250005969D /* PBXContainerItemProxy */ = {
			isa = PBXContainerItemProxy;
			containerPortal = 882582C920BED6220005969D /* Project object */;
			proxyType = 1;
			remoteGlobalIDString = 882582D020BED6220005969D;
			remoteInfo = "strongest mage";
		};
		882582F120BED6250005969D /* PBXContainerItemProxy */ = {
			isa = PBXContainerItemProxy;
			containerPortal = 882582C920BED6220005969D /* Project object */;
			proxyType = 1;
			remoteGlobalIDString = 882582D020BED6220005969D;
			remoteInfo = "strongest mage";
		};
/* End PBXContainerItemProxy section */

/* Begin PBXFileReference section */
		673289302142B38D008FC3A0 /* AudioEffectsGenerator.swift */ = {isa = PBXFileReference; lastKnownFileType = sourcecode.swift; path = AudioEffectsGenerator.swift; sourceTree = "<group>"; };
		673289332142B5DD008FC3A0 /* goToMenuSound */ = {isa = PBXFileReference; lastKnownFileType = folder; path = goToMenuSound; sourceTree = "<group>"; };
		673289342142B5DE008FC3A0 /* win:losee */ = {isa = PBXFileReference; lastKnownFileType = folder; path = "win:losee"; sourceTree = "<group>"; };
		673289352142B5DE008FC3A0 /* readySounds */ = {isa = PBXFileReference; lastKnownFileType = folder; path = readySounds; sourceTree = "<group>"; };
		673289362142B5DF008FC3A0 /* wait4Tolong */ = {isa = PBXFileReference; lastKnownFileType = folder; path = wait4Tolong; sourceTree = "<group>"; };
		673289382142B5DF008FC3A0 /* counter */ = {isa = PBXFileReference; lastKnownFileType = folder; path = counter; sourceTree = "<group>"; };
		673289392142B5E0008FC3A0 /* gameInMenuEnter */ = {isa = PBXFileReference; lastKnownFileType = folder; path = gameInMenuEnter; sourceTree = "<group>"; };
		6732893A2142B5E0008FC3A0 /* spell */ = {isa = PBXFileReference; lastKnownFileType = folder; path = spell; sourceTree = "<group>"; };
		673289442142B646008FC3A0 /* science_fiction_laser_gun_slinky.mp3 */ = {isa = PBXFileReference; lastKnownFileType = audio.mp3; path = science_fiction_laser_gun_slinky.mp3; sourceTree = "<group>"; };
		673289452142B646008FC3A0 /* science_fiction_laser_005.mp3 */ = {isa = PBXFileReference; lastKnownFileType = audio.mp3; path = science_fiction_laser_005.mp3; sourceTree = "<group>"; };
		673289462142B646008FC3A0 /* sound_design_effect_descend_futuristic_short.mp3 */ = {isa = PBXFileReference; lastKnownFileType = audio.mp3; path = sound_design_effect_descend_futuristic_short.mp3; sourceTree = "<group>"; };
		673289472142B646008FC3A0 /* julien_matthey_science_fiction_laser_001.mp3 */ = {isa = PBXFileReference; lastKnownFileType = audio.mp3; path = julien_matthey_science_fiction_laser_001.mp3; sourceTree = "<group>"; };
		673289482142B646008FC3A0 /* LIGHTSABER.mp3 */ = {isa = PBXFileReference; lastKnownFileType = audio.mp3; path = LIGHTSABER.mp3; sourceTree = "<group>"; };
		673289492142B646008FC3A0 /* little_robot_sound_factory_Laser_04.mp3 */ = {isa = PBXFileReference; lastKnownFileType = audio.mp3; path = little_robot_sound_factory_Laser_04.mp3; sourceTree = "<group>"; };
		6732894A2142B647008FC3A0 /* LIGHTSABER #2.mp3 */ = {isa = PBXFileReference; lastKnownFileType = audio.mp3; path = "LIGHTSABER #2.mp3"; sourceTree = "<group>"; };
		6732894B2142B647008FC3A0 /* science_fiction_laser_002.mp3 */ = {isa = PBXFileReference; lastKnownFileType = audio.mp3; path = science_fiction_laser_002.mp3; sourceTree = "<group>"; };
		677CF0FF2137E7BB0081AB38 /* NavigationController.swift */ = {isa = PBXFileReference; lastKnownFileType = sourcecode.swift; path = NavigationController.swift; sourceTree = "<group>"; };
		677CF10121385D070081AB38 /* MenuViewController.swift */ = {isa = PBXFileReference; lastKnownFileType = sourcecode.swift; path = MenuViewController.swift; sourceTree = "<group>"; };
		677CF10F213C8DD00081AB38 /* StatisticTimerExtension.swift */ = {isa = PBXFileReference; fileEncoding = 4; lastKnownFileType = sourcecode.swift; path = StatisticTimerExtension.swift; sourceTree = "<group>"; };
		677CF110213C8DD00081AB38 /* CountDownTimerExtension.swift */ = {isa = PBXFileReference; fileEncoding = 4; lastKnownFileType = sourcecode.swift; path = CountDownTimerExtension.swift; sourceTree = "<group>"; };
		67C796072116F35C00F751A6 /* Wizards' Magic.ttf */ = {isa = PBXFileReference; lastKnownFileType = file; path = "Wizards' Magic.ttf"; sourceTree = "<group>"; };
		67C796092116F37200F751A6 /* wizzta.ttf */ = {isa = PBXFileReference; lastKnownFileType = file; path = wizzta.ttf; sourceTree = "<group>"; };
		67C7960B211767B300F751A6 /* DJB I Love a Ginger.ttf */ = {isa = PBXFileReference; lastKnownFileType = file; path = "DJB I Love a Ginger.ttf"; sourceTree = "<group>"; };
		67E94342213E93CC006DC239 /* SkinsViewController.swift */ = {isa = PBXFileReference; lastKnownFileType = sourcecode.swift; path = SkinsViewController.swift; sourceTree = "<group>"; };
		67E94344213E93DB006DC239 /* RulesViewController.swift */ = {isa = PBXFileReference; lastKnownFileType = sourcecode.swift; path = RulesViewController.swift; sourceTree = "<group>"; };
		67E94346213E93F7006DC239 /* InfoViewController.swift */ = {isa = PBXFileReference; lastKnownFileType = sourcecode.swift; path = InfoViewController.swift; sourceTree = "<group>"; };
		882582D120BED6220005969D /* strongestMage.app */ = {isa = PBXFileReference; explicitFileType = wrapper.application; includeInIndex = 0; path = strongestMage.app; sourceTree = BUILT_PRODUCTS_DIR; };
		882582D420BED6220005969D /* AppDelegate.swift */ = {isa = PBXFileReference; lastKnownFileType = sourcecode.swift; path = AppDelegate.swift; sourceTree = "<group>"; };
		882582D620BED6220005969D /* GameViewController.swift */ = {isa = PBXFileReference; lastKnownFileType = sourcecode.swift; path = GameViewController.swift; sourceTree = "<group>"; };
		882582D920BED6220005969D /* Base */ = {isa = PBXFileReference; lastKnownFileType = file.storyboard; name = Base; path = Base.lproj/Main.storyboard; sourceTree = "<group>"; };
		882582DE20BED6240005969D /* Base */ = {isa = PBXFileReference; lastKnownFileType = file.storyboard; name = Base; path = Base.lproj/LaunchScreen.storyboard; sourceTree = "<group>"; };
		882582E020BED6240005969D /* Info.plist */ = {isa = PBXFileReference; lastKnownFileType = text.plist.xml; path = Info.plist; sourceTree = "<group>"; };
		882582E520BED6250005969D /* strongestMageTests.xctest */ = {isa = PBXFileReference; explicitFileType = wrapper.cfbundle; includeInIndex = 0; path = strongestMageTests.xctest; sourceTree = BUILT_PRODUCTS_DIR; };
		882582E920BED6250005969D /* strongest_mageTests.swift */ = {isa = PBXFileReference; lastKnownFileType = sourcecode.swift; path = strongest_mageTests.swift; sourceTree = "<group>"; };
		882582EB20BED6250005969D /* Info.plist */ = {isa = PBXFileReference; lastKnownFileType = text.plist.xml; path = Info.plist; sourceTree = "<group>"; };
		882582F020BED6250005969D /* strongestMageUITests.xctest */ = {isa = PBXFileReference; explicitFileType = wrapper.cfbundle; includeInIndex = 0; path = strongestMageUITests.xctest; sourceTree = BUILT_PRODUCTS_DIR; };
		882582F420BED6250005969D /* strongest_mageUITests.swift */ = {isa = PBXFileReference; lastKnownFileType = sourcecode.swift; path = strongest_mageUITests.swift; sourceTree = "<group>"; };
		882582F620BED6250005969D /* Info.plist */ = {isa = PBXFileReference; lastKnownFileType = text.plist.xml; path = Info.plist; sourceTree = "<group>"; };
		885B229A20BF47BD009AEFA5 /* Assets.xcassets */ = {isa = PBXFileReference; lastKnownFileType = folder.assetcatalog; path = Assets.xcassets; sourceTree = "<group>"; };
		D51A83A32127262300718256 /* PhrasesGenerator.swift */ = {isa = PBXFileReference; lastKnownFileType = sourcecode.swift; path = PhrasesGenerator.swift; sourceTree = "<group>"; };
		D57BF0E521168B5100AD4E89 /* octin vintage b rg.ttf */ = {isa = PBXFileReference; lastKnownFileType = file; path = "octin vintage b rg.ttf"; sourceTree = "<group>"; };
		D5D9ABB721275E7700D02C22 /* GameScene.swift */ = {isa = PBXFileReference; lastKnownFileType = sourcecode.swift; path = GameScene.swift; sourceTree = "<group>"; };
		D5D9ABB921275EA200D02C22 /* Mage.swift */ = {isa = PBXFileReference; lastKnownFileType = sourcecode.swift; path = Mage.swift; sourceTree = "<group>"; };
/* End PBXFileReference section */

/* Begin PBXFrameworksBuildPhase section */
		882582CE20BED6220005969D /* Frameworks */ = {
			isa = PBXFrameworksBuildPhase;
			buildActionMask = 2147483647;
			files = (
			);
			runOnlyForDeploymentPostprocessing = 0;
		};
		882582E220BED6250005969D /* Frameworks */ = {
			isa = PBXFrameworksBuildPhase;
			buildActionMask = 2147483647;
			files = (
			);
			runOnlyForDeploymentPostprocessing = 0;
		};
		882582ED20BED6250005969D /* Frameworks */ = {
			isa = PBXFrameworksBuildPhase;
			buildActionMask = 2147483647;
			files = (
			);
			runOnlyForDeploymentPostprocessing = 0;
		};
/* End PBXFrameworksBuildPhase section */

/* Begin PBXGroup section */
		673289322142B5C4008FC3A0 /* sounds */ = {
			isa = PBXGroup;
			children = (
				673289382142B5DF008FC3A0 /* counter */,
				673289432142B625008FC3A0 /* ray */,
				673289392142B5E0008FC3A0 /* gameInMenuEnter */,
				673289332142B5DD008FC3A0 /* goToMenuSound */,
				673289352142B5DE008FC3A0 /* readySounds */,
				6732893A2142B5E0008FC3A0 /* spell */,
				673289362142B5DF008FC3A0 /* wait4Tolong */,
				673289342142B5DE008FC3A0 /* win:losee */,
			);
			path = sounds;
			sourceTree = "<group>";
		};
		673289432142B625008FC3A0 /* ray */ = {
			isa = PBXGroup;
			children = (
				673289472142B646008FC3A0 /* julien_matthey_science_fiction_laser_001.mp3 */,
				6732894A2142B647008FC3A0 /* LIGHTSABER #2.mp3 */,
				673289482142B646008FC3A0 /* LIGHTSABER.mp3 */,
				673289492142B646008FC3A0 /* little_robot_sound_factory_Laser_04.mp3 */,
				6732894B2142B647008FC3A0 /* science_fiction_laser_002.mp3 */,
				673289452142B646008FC3A0 /* science_fiction_laser_005.mp3 */,
				673289442142B646008FC3A0 /* science_fiction_laser_gun_slinky.mp3 */,
				673289462142B646008FC3A0 /* sound_design_effect_descend_futuristic_short.mp3 */,
			);
			path = ray;
			sourceTree = "<group>";
		};
		67E94348213E9480006DC239 /* ViewControllers */ = {
			isa = PBXGroup;
			children = (
				882582D620BED6220005969D /* GameViewController.swift */,
				677CF0FF2137E7BB0081AB38 /* NavigationController.swift */,
				677CF10121385D070081AB38 /* MenuViewController.swift */,
				67E94342213E93CC006DC239 /* SkinsViewController.swift */,
				67E94344213E93DB006DC239 /* RulesViewController.swift */,
				67E94346213E93F7006DC239 /* InfoViewController.swift */,
			);
			path = ViewControllers;
			sourceTree = "<group>";
		};
		882582C820BED6210005969D = {
			isa = PBXGroup;
			children = (
				882582D320BED6220005969D /* strongestMage */,
				882582E820BED6250005969D /* strongestMageTests */,
				882582F320BED6250005969D /* strongestMageUITests */,
				882582D220BED6220005969D /* Products */,
			);
			sourceTree = "<group>";
		};
		882582D220BED6220005969D /* Products */ = {
			isa = PBXGroup;
			children = (
				882582D120BED6220005969D /* strongestMage.app */,
				882582E520BED6250005969D /* strongestMageTests.xctest */,
				882582F020BED6250005969D /* strongestMageUITests.xctest */,
			);
			name = Products;
			sourceTree = "<group>";
		};
		882582D320BED6220005969D /* strongestMage */ = {
			isa = PBXGroup;
			children = (
				67E94348213E9480006DC239 /* ViewControllers */,
				D5D9ABB621275D4F00D02C22 /* models */,
				885B229A20BF47BD009AEFA5 /* Assets.xcassets */,
				D51A83A22127243700718256 /* Utility */,
				882582D420BED6220005969D /* AppDelegate.swift */,
				882582D820BED6220005969D /* Main.storyboard */,
				882582DD20BED6240005969D /* LaunchScreen.storyboard */,
				882582E020BED6240005969D /* Info.plist */,
				673289322142B5C4008FC3A0 /* sounds */,
				D57BF0E721168BFB00AD4E89 /* fonts */,
			);
			path = strongestMage;
			sourceTree = "<group>";
		};
		882582E820BED6250005969D /* strongestMageTests */ = {
			isa = PBXGroup;
			children = (
				882582E920BED6250005969D /* strongest_mageTests.swift */,
				882582EB20BED6250005969D /* Info.plist */,
			);
			path = strongestMageTests;
			sourceTree = "<group>";
		};
		882582F320BED6250005969D /* strongestMageUITests */ = {
			isa = PBXGroup;
			children = (
				882582F420BED6250005969D /* strongest_mageUITests.swift */,
				882582F620BED6250005969D /* Info.plist */,
			);
			path = strongestMageUITests;
			sourceTree = "<group>";
		};
		D51A83A22127243700718256 /* Utility */ = {
			isa = PBXGroup;
			children = (
				D51A83A32127262300718256 /* PhrasesGenerator.swift */,
				673289302142B38D008FC3A0 /* AudioEffectsGenerator.swift */,
			);
			path = Utility;
			sourceTree = "<group>";
		};
		D57BF0E721168BFB00AD4E89 /* fonts */ = {
			isa = PBXGroup;
			children = (
				67C7960B211767B300F751A6 /* DJB I Love a Ginger.ttf */,
				67C796072116F35C00F751A6 /* Wizards' Magic.ttf */,
				67C796092116F37200F751A6 /* wizzta.ttf */,
				D57BF0E521168B5100AD4E89 /* octin vintage b rg.ttf */,
			);
			path = fonts;
			sourceTree = "<group>";
		};
		D5D9ABB621275D4F00D02C22 /* models */ = {
			isa = PBXGroup;
			children = (
				677CF110213C8DD00081AB38 /* CountDownTimerExtension.swift */,
				677CF10F213C8DD00081AB38 /* StatisticTimerExtension.swift */,
				D5D9ABB721275E7700D02C22 /* GameScene.swift */,
				D5D9ABB921275EA200D02C22 /* Mage.swift */,
			);
			path = models;
			sourceTree = "<group>";
		};
/* End PBXGroup section */

/* Begin PBXNativeTarget section */
		882582D020BED6220005969D /* strongestMage */ = {
			isa = PBXNativeTarget;
			buildConfigurationList = 882582F920BED6250005969D /* Build configuration list for PBXNativeTarget "strongestMage" */;
			buildPhases = (
				882582CD20BED6220005969D /* Sources */,
				882582CE20BED6220005969D /* Frameworks */,
				882582CF20BED6220005969D /* Resources */,
			);
			buildRules = (
			);
			dependencies = (
			);
			name = strongestMage;
			productName = "strongest mage";
			productReference = 882582D120BED6220005969D /* strongestMage.app */;
			productType = "com.apple.product-type.application";
		};
		882582E420BED6250005969D /* strongestMageTests */ = {
			isa = PBXNativeTarget;
			buildConfigurationList = 882582FC20BED6250005969D /* Build configuration list for PBXNativeTarget "strongestMageTests" */;
			buildPhases = (
				882582E120BED6250005969D /* Sources */,
				882582E220BED6250005969D /* Frameworks */,
				882582E320BED6250005969D /* Resources */,
			);
			buildRules = (
			);
			dependencies = (
				882582E720BED6250005969D /* PBXTargetDependency */,
			);
			name = strongestMageTests;
			productName = "strongest mageTests";
			productReference = 882582E520BED6250005969D /* strongestMageTests.xctest */;
			productType = "com.apple.product-type.bundle.unit-test";
		};
		882582EF20BED6250005969D /* strongestMageUITests */ = {
			isa = PBXNativeTarget;
			buildConfigurationList = 882582FF20BED6250005969D /* Build configuration list for PBXNativeTarget "strongestMageUITests" */;
			buildPhases = (
				882582EC20BED6250005969D /* Sources */,
				882582ED20BED6250005969D /* Frameworks */,
				882582EE20BED6250005969D /* Resources */,
			);
			buildRules = (
			);
			dependencies = (
				882582F220BED6250005969D /* PBXTargetDependency */,
			);
			name = strongestMageUITests;
			productName = "strongest mageUITests";
			productReference = 882582F020BED6250005969D /* strongestMageUITests.xctest */;
			productType = "com.apple.product-type.bundle.ui-testing";
		};
/* End PBXNativeTarget section */

/* Begin PBXProject section */
		882582C920BED6220005969D /* Project object */ = {
			isa = PBXProject;
			attributes = {
				LastSwiftUpdateCheck = 0930;
				LastUpgradeCheck = 0930;
				ORGANIZATIONNAME = vld;
				TargetAttributes = {
					882582D020BED6220005969D = {
						CreatedOnToolsVersion = 9.3.1;
					};
					882582E420BED6250005969D = {
						CreatedOnToolsVersion = 9.3.1;
						TestTargetID = 882582D020BED6220005969D;
					};
					882582EF20BED6250005969D = {
						CreatedOnToolsVersion = 9.3.1;
						TestTargetID = 882582D020BED6220005969D;
					};
				};
			};
			buildConfigurationList = 882582CC20BED6220005969D /* Build configuration list for PBXProject "strongestMageGame" */;
			compatibilityVersion = "Xcode 9.3";
			developmentRegion = en;
			hasScannedForEncodings = 0;
			knownRegions = (
				en,
				Base,
			);
			mainGroup = 882582C820BED6210005969D;
			productRefGroup = 882582D220BED6220005969D /* Products */;
			projectDirPath = "";
			projectRoot = "";
			targets = (
				882582D020BED6220005969D /* strongestMage */,
				882582E420BED6250005969D /* strongestMageTests */,
				882582EF20BED6250005969D /* strongestMageUITests */,
			);
		};
/* End PBXProject section */

/* Begin PBXResourcesBuildPhase section */
		882582CF20BED6220005969D /* Resources */ = {
			isa = PBXResourcesBuildPhase;
			buildActionMask = 2147483647;
			files = (
				67C7960A2116F37200F751A6 /* wizzta.ttf in Resources */,
				673289502142B647008FC3A0 /* LIGHTSABER.mp3 in Resources */,
				6732893C2142B5E1008FC3A0 /* win:losee in Resources */,
				673289522142B647008FC3A0 /* LIGHTSABER #2.mp3 in Resources */,
				882582DF20BED6240005969D /* LaunchScreen.storyboard in Resources */,
				673289402142B5E1008FC3A0 /* counter in Resources */,
				885B229B20BF47BD009AEFA5 /* Assets.xcassets in Resources */,
				673289422142B5E1008FC3A0 /* spell in Resources */,
				67C796082116F35C00F751A6 /* Wizards' Magic.ttf in Resources */,
				6732893B2142B5E1008FC3A0 /* goToMenuSound in Resources */,
				882582DA20BED6220005969D /* Main.storyboard in Resources */,
				673289532142B647008FC3A0 /* science_fiction_laser_002.mp3 in Resources */,
				6732894D2142B647008FC3A0 /* science_fiction_laser_005.mp3 in Resources */,
				6732894F2142B647008FC3A0 /* julien_matthey_science_fiction_laser_001.mp3 in Resources */,
				6732893E2142B5E1008FC3A0 /* wait4Tolong in Resources */,
				67C796012114B59800F751A6 /* Info.plist in Resources */,
				673289512142B647008FC3A0 /* little_robot_sound_factory_Laser_04.mp3 in Resources */,
				6732893D2142B5E1008FC3A0 /* readySounds in Resources */,
				673289412142B5E1008FC3A0 /* gameInMenuEnter in Resources */,
				D57BF0E621168B5100AD4E89 /* octin vintage b rg.ttf in Resources */,
				6732894E2142B647008FC3A0 /* sound_design_effect_descend_futuristic_short.mp3 in Resources */,
				67C7960C211767B400F751A6 /* DJB I Love a Ginger.ttf in Resources */,
				6732894C2142B647008FC3A0 /* science_fiction_laser_gun_slinky.mp3 in Resources */,
			);
			runOnlyForDeploymentPostprocessing = 0;
		};
		882582E320BED6250005969D /* Resources */ = {
			isa = PBXResourcesBuildPhase;
			buildActionMask = 2147483647;
			files = (
				67C796052114BB2F00F751A6 /* Info.plist in Resources */,
			);
			runOnlyForDeploymentPostprocessing = 0;
		};
		882582EE20BED6250005969D /* Resources */ = {
			isa = PBXResourcesBuildPhase;
			buildActionMask = 2147483647;
			files = (
				67C796062114BB3400F751A6 /* Info.plist in Resources */,
			);
			runOnlyForDeploymentPostprocessing = 0;
		};
/* End PBXResourcesBuildPhase section */

/* Begin PBXSourcesBuildPhase section */
		882582CD20BED6220005969D /* Sources */ = {
			isa = PBXSourcesBuildPhase;
			buildActionMask = 2147483647;
			files = (
				D5D9ABBA21275EA200D02C22 /* Mage.swift in Sources */,
				D51A83A42127262300718256 /* PhrasesGenerator.swift in Sources */,
				882582D720BED6220005969D /* GameViewController.swift in Sources */,
				67E94343213E93CC006DC239 /* SkinsViewController.swift in Sources */,
				677CF10221385D070081AB38 /* MenuViewController.swift in Sources */,
				677CF1002137E7BB0081AB38 /* NavigationController.swift in Sources */,
				D5D9ABB821275E7700D02C22 /* GameScene.swift in Sources */,
				677CF111213C8DD00081AB38 /* StatisticTimerExtension.swift in Sources */,
				882582D520BED6220005969D /* AppDelegate.swift in Sources */,
				67E94345213E93DB006DC239 /* RulesViewController.swift in Sources */,
				673289312142B38D008FC3A0 /* AudioEffectsGenerator.swift in Sources */,
				67E94347213E93F7006DC239 /* InfoViewController.swift in Sources */,
				677CF112213C8DD00081AB38 /* CountDownTimerExtension.swift in Sources */,
			);
			runOnlyForDeploymentPostprocessing = 0;
		};
		882582E120BED6250005969D /* Sources */ = {
			isa = PBXSourcesBuildPhase;
			buildActionMask = 2147483647;
			files = (
				882582EA20BED6250005969D /* strongest_mageTests.swift in Sources */,
			);
			runOnlyForDeploymentPostprocessing = 0;
		};
		882582EC20BED6250005969D /* Sources */ = {
			isa = PBXSourcesBuildPhase;
			buildActionMask = 2147483647;
			files = (
				882582F520BED6250005969D /* strongest_mageUITests.swift in Sources */,
			);
			runOnlyForDeploymentPostprocessing = 0;
		};
/* End PBXSourcesBuildPhase section */

/* Begin PBXTargetDependency section */
		882582E720BED6250005969D /* PBXTargetDependency */ = {
			isa = PBXTargetDependency;
			target = 882582D020BED6220005969D /* strongestMage */;
			targetProxy = 882582E620BED6250005969D /* PBXContainerItemProxy */;
		};
		882582F220BED6250005969D /* PBXTargetDependency */ = {
			isa = PBXTargetDependency;
			target = 882582D020BED6220005969D /* strongestMage */;
			targetProxy = 882582F120BED6250005969D /* PBXContainerItemProxy */;
		};
/* End PBXTargetDependency section */

/* Begin PBXVariantGroup section */
		882582D820BED6220005969D /* Main.storyboard */ = {
			isa = PBXVariantGroup;
			children = (
				882582D920BED6220005969D /* Base */,
			);
			name = Main.storyboard;
			sourceTree = "<group>";
		};
		882582DD20BED6240005969D /* LaunchScreen.storyboard */ = {
			isa = PBXVariantGroup;
			children = (
				882582DE20BED6240005969D /* Base */,
			);
			name = LaunchScreen.storyboard;
			sourceTree = "<group>";
		};
/* End PBXVariantGroup section */

/* Begin XCBuildConfiguration section */
		882582F720BED6250005969D /* Debug */ = {
			isa = XCBuildConfiguration;
			buildSettings = {
				ALWAYS_SEARCH_USER_PATHS = NO;
				CLANG_ANALYZER_NONNULL = YES;
				CLANG_ANALYZER_NUMBER_OBJECT_CONVERSION = YES_AGGRESSIVE;
				CLANG_CXX_LANGUAGE_STANDARD = "gnu++14";
				CLANG_CXX_LIBRARY = "libc++";
				CLANG_ENABLE_MODULES = YES;
				CLANG_ENABLE_OBJC_ARC = YES;
				CLANG_ENABLE_OBJC_WEAK = YES;
				CLANG_WARN_BLOCK_CAPTURE_AUTORELEASING = YES;
				CLANG_WARN_BOOL_CONVERSION = YES;
				CLANG_WARN_COMMA = YES;
				CLANG_WARN_CONSTANT_CONVERSION = YES;
				CLANG_WARN_DEPRECATED_OBJC_IMPLEMENTATIONS = YES;
				CLANG_WARN_DIRECT_OBJC_ISA_USAGE = YES_ERROR;
				CLANG_WARN_DOCUMENTATION_COMMENTS = YES;
				CLANG_WARN_EMPTY_BODY = YES;
				CLANG_WARN_ENUM_CONVERSION = YES;
				CLANG_WARN_INFINITE_RECURSION = YES;
				CLANG_WARN_INT_CONVERSION = YES;
				CLANG_WARN_NON_LITERAL_NULL_CONVERSION = YES;
				CLANG_WARN_OBJC_IMPLICIT_RETAIN_SELF = YES;
				CLANG_WARN_OBJC_LITERAL_CONVERSION = YES;
				CLANG_WARN_OBJC_ROOT_CLASS = YES_ERROR;
				CLANG_WARN_RANGE_LOOP_ANALYSIS = YES;
				CLANG_WARN_STRICT_PROTOTYPES = YES;
				CLANG_WARN_SUSPICIOUS_MOVE = YES;
				CLANG_WARN_UNGUARDED_AVAILABILITY = YES_AGGRESSIVE;
				CLANG_WARN_UNREACHABLE_CODE = YES;
				CLANG_WARN__DUPLICATE_METHOD_MATCH = YES;
				CODE_SIGN_IDENTITY = "iPhone Developer";
				COPY_PHASE_STRIP = NO;
				DEBUG_INFORMATION_FORMAT = dwarf;
				ENABLE_STRICT_OBJC_MSGSEND = YES;
				ENABLE_TESTABILITY = YES;
				GCC_C_LANGUAGE_STANDARD = gnu11;
				GCC_DYNAMIC_NO_PIC = NO;
				GCC_NO_COMMON_BLOCKS = YES;
				GCC_OPTIMIZATION_LEVEL = 0;
				GCC_PREPROCESSOR_DEFINITIONS = (
					"DEBUG=1",
					"$(inherited)",
				);
				GCC_WARN_64_TO_32_BIT_CONVERSION = YES;
				GCC_WARN_ABOUT_RETURN_TYPE = YES_ERROR;
				GCC_WARN_UNDECLARED_SELECTOR = YES;
				GCC_WARN_UNINITIALIZED_AUTOS = YES_AGGRESSIVE;
				GCC_WARN_UNUSED_FUNCTION = YES;
				GCC_WARN_UNUSED_VARIABLE = YES;
				IPHONEOS_DEPLOYMENT_TARGET = 11.3;
				MTL_ENABLE_DEBUG_INFO = YES;
				ONLY_ACTIVE_ARCH = YES;
				SDKROOT = iphoneos;
				SWIFT_ACTIVE_COMPILATION_CONDITIONS = DEBUG;
				SWIFT_OPTIMIZATION_LEVEL = "-Onone";
			};
			name = Debug;
		};
		882582F820BED6250005969D /* Release */ = {
			isa = XCBuildConfiguration;
			buildSettings = {
				ALWAYS_SEARCH_USER_PATHS = NO;
				CLANG_ANALYZER_NONNULL = YES;
				CLANG_ANALYZER_NUMBER_OBJECT_CONVERSION = YES_AGGRESSIVE;
				CLANG_CXX_LANGUAGE_STANDARD = "gnu++14";
				CLANG_CXX_LIBRARY = "libc++";
				CLANG_ENABLE_MODULES = YES;
				CLANG_ENABLE_OBJC_ARC = YES;
				CLANG_ENABLE_OBJC_WEAK = YES;
				CLANG_WARN_BLOCK_CAPTURE_AUTORELEASING = YES;
				CLANG_WARN_BOOL_CONVERSION = YES;
				CLANG_WARN_COMMA = YES;
				CLANG_WARN_CONSTANT_CONVERSION = YES;
				CLANG_WARN_DEPRECATED_OBJC_IMPLEMENTATIONS = YES;
				CLANG_WARN_DIRECT_OBJC_ISA_USAGE = YES_ERROR;
				CLANG_WARN_DOCUMENTATION_COMMENTS = YES;
				CLANG_WARN_EMPTY_BODY = YES;
				CLANG_WARN_ENUM_CONVERSION = YES;
				CLANG_WARN_INFINITE_RECURSION = YES;
				CLANG_WARN_INT_CONVERSION = YES;
				CLANG_WARN_NON_LITERAL_NULL_CONVERSION = YES;
				CLANG_WARN_OBJC_IMPLICIT_RETAIN_SELF = YES;
				CLANG_WARN_OBJC_LITERAL_CONVERSION = YES;
				CLANG_WARN_OBJC_ROOT_CLASS = YES_ERROR;
				CLANG_WARN_RANGE_LOOP_ANALYSIS = YES;
				CLANG_WARN_STRICT_PROTOTYPES = YES;
				CLANG_WARN_SUSPICIOUS_MOVE = YES;
				CLANG_WARN_UNGUARDED_AVAILABILITY = YES_AGGRESSIVE;
				CLANG_WARN_UNREACHABLE_CODE = YES;
				CLANG_WARN__DUPLICATE_METHOD_MATCH = YES;
				CODE_SIGN_IDENTITY = "iPhone Developer";
				COPY_PHASE_STRIP = NO;
				DEBUG_INFORMATION_FORMAT = "dwarf-with-dsym";
				ENABLE_NS_ASSERTIONS = NO;
				ENABLE_STRICT_OBJC_MSGSEND = YES;
				GCC_C_LANGUAGE_STANDARD = gnu11;
				GCC_NO_COMMON_BLOCKS = YES;
				GCC_WARN_64_TO_32_BIT_CONVERSION = YES;
				GCC_WARN_ABOUT_RETURN_TYPE = YES_ERROR;
				GCC_WARN_UNDECLARED_SELECTOR = YES;
				GCC_WARN_UNINITIALIZED_AUTOS = YES_AGGRESSIVE;
				GCC_WARN_UNUSED_FUNCTION = YES;
				GCC_WARN_UNUSED_VARIABLE = YES;
				IPHONEOS_DEPLOYMENT_TARGET = 11.3;
				MTL_ENABLE_DEBUG_INFO = NO;
				SDKROOT = iphoneos;
				SWIFT_COMPILATION_MODE = wholemodule;
				SWIFT_OPTIMIZATION_LEVEL = "-O";
				VALIDATE_PRODUCT = YES;
			};
			name = Release;
		};
		882582FA20BED6250005969D /* Debug */ = {
			isa = XCBuildConfiguration;
			buildSettings = {
				ASSETCATALOG_COMPILER_APPICON_NAME = AppIcon;
				CODE_SIGN_STYLE = Automatic;
				DEVELOPMENT_TEAM = 4UB22FZ3J2;
				INFOPLIST_FILE = strongestMage/Info.plist;
				LD_RUNPATH_SEARCH_PATHS = (
					"$(inherited)",
					"@executable_path/Frameworks",
				);
				PRODUCT_BUNDLE_IDENTIFIER = "vladInc.strongest-mage";
				PRODUCT_NAME = "$(TARGET_NAME)";
				SWIFT_VERSION = 4.0;
				TARGETED_DEVICE_FAMILY = "1,2";
			};
			name = Debug;
		};
		882582FB20BED6250005969D /* Release */ = {
			isa = XCBuildConfiguration;
			buildSettings = {
				ASSETCATALOG_COMPILER_APPICON_NAME = AppIcon;
				CODE_SIGN_STYLE = Automatic;
				DEVELOPMENT_TEAM = 4UB22FZ3J2;
				INFOPLIST_FILE = strongestMage/Info.plist;
				LD_RUNPATH_SEARCH_PATHS = (
					"$(inherited)",
					"@executable_path/Frameworks",
				);
				PRODUCT_BUNDLE_IDENTIFIER = "vladInc.strongest-mage";
				PRODUCT_NAME = "$(TARGET_NAME)";
				SWIFT_VERSION = 4.0;
				TARGETED_DEVICE_FAMILY = "1,2";
			};
			name = Release;
		};
		882582FD20BED6250005969D /* Debug */ = {
			isa = XCBuildConfiguration;
			buildSettings = {
				ALWAYS_EMBED_SWIFT_STANDARD_LIBRARIES = YES;
				BUNDLE_LOADER = "$(TEST_HOST)";
				CODE_SIGN_STYLE = Automatic;
				DEVELOPMENT_TEAM = 4UB22FZ3J2;
				INFOPLIST_FILE = "strongest mageTests/Info.plist";
				LD_RUNPATH_SEARCH_PATHS = (
					"$(inherited)",
					"@executable_path/Frameworks",
					"@loader_path/Frameworks",
				);
				PRODUCT_BUNDLE_IDENTIFIER = "vladInc.strongest-mageTests";
				PRODUCT_NAME = "$(TARGET_NAME)";
				SWIFT_VERSION = 4.0;
				TARGETED_DEVICE_FAMILY = "1,2";
				TEST_HOST = "$(BUILT_PRODUCTS_DIR)/strongestMage.app/strongestMage";
			};
			name = Debug;
		};
		882582FE20BED6250005969D /* Release */ = {
			isa = XCBuildConfiguration;
			buildSettings = {
				ALWAYS_EMBED_SWIFT_STANDARD_LIBRARIES = YES;
				BUNDLE_LOADER = "$(TEST_HOST)";
				CODE_SIGN_STYLE = Automatic;
				DEVELOPMENT_TEAM = 4UB22FZ3J2;
				INFOPLIST_FILE = "strongest mageTests/Info.plist";
				LD_RUNPATH_SEARCH_PATHS = (
					"$(inherited)",
					"@executable_path/Frameworks",
					"@loader_path/Frameworks",
				);
				PRODUCT_BUNDLE_IDENTIFIER = "vladInc.strongest-mageTests";
				PRODUCT_NAME = "$(TARGET_NAME)";
				SWIFT_VERSION = 4.0;
				TARGETED_DEVICE_FAMILY = "1,2";
				TEST_HOST = "$(BUILT_PRODUCTS_DIR)/strongestMage.app/strongestMage";
			};
			name = Release;
		};
		8825830020BED6250005969D /* Debug */ = {
			isa = XCBuildConfiguration;
			buildSettings = {
				ALWAYS_EMBED_SWIFT_STANDARD_LIBRARIES = YES;
				CODE_SIGN_STYLE = Automatic;
				DEVELOPMENT_TEAM = 4UB22FZ3J2;
				INFOPLIST_FILE = "strongest mageUITests/Info.plist";
				LD_RUNPATH_SEARCH_PATHS = (
					"$(inherited)",
					"@executable_path/Frameworks",
					"@loader_path/Frameworks",
				);
				PRODUCT_BUNDLE_IDENTIFIER = "vladInc.strongest-mageUITests";
				PRODUCT_NAME = "$(TARGET_NAME)";
				SWIFT_VERSION = 4.0;
				TARGETED_DEVICE_FAMILY = "1,2";
				TEST_TARGET_NAME = "strongest mage";
			};
			name = Debug;
		};
		8825830120BED6250005969D /* Release */ = {
			isa = XCBuildConfiguration;
			buildSettings = {
				ALWAYS_EMBED_SWIFT_STANDARD_LIBRARIES = YES;
				CODE_SIGN_STYLE = Automatic;
				DEVELOPMENT_TEAM = 4UB22FZ3J2;
				INFOPLIST_FILE = "strongest mageUITests/Info.plist";
				LD_RUNPATH_SEARCH_PATHS = (
					"$(inherited)",
					"@executable_path/Frameworks",
					"@loader_path/Frameworks",
				);
				PRODUCT_BUNDLE_IDENTIFIER = "vladInc.strongest-mageUITests";
				PRODUCT_NAME = "$(TARGET_NAME)";
				SWIFT_VERSION = 4.0;
				TARGETED_DEVICE_FAMILY = "1,2";
				TEST_TARGET_NAME = "strongest mage";
			};
			name = Release;
		};
/* End XCBuildConfiguration section */

/* Begin XCConfigurationList section */
		882582CC20BED6220005969D /* Build configuration list for PBXProject "strongestMageGame" */ = {
			isa = XCConfigurationList;
			buildConfigurations = (
				882582F720BED6250005969D /* Debug */,
				882582F820BED6250005969D /* Release */,
			);
			defaultConfigurationIsVisible = 0;
			defaultConfigurationName = Release;
		};
		882582F920BED6250005969D /* Build configuration list for PBXNativeTarget "strongestMage" */ = {
			isa = XCConfigurationList;
			buildConfigurations = (
				882582FA20BED6250005969D /* Debug */,
				882582FB20BED6250005969D /* Release */,
			);
			defaultConfigurationIsVisible = 0;
			defaultConfigurationName = Release;
		};
		882582FC20BED6250005969D /* Build configuration list for PBXNativeTarget "strongestMageTests" */ = {
			isa = XCConfigurationList;
			buildConfigurations = (
				882582FD20BED6250005969D /* Debug */,
				882582FE20BED6250005969D /* Release */,
			);
			defaultConfigurationIsVisible = 0;
			defaultConfigurationName = Release;
		};
		882582FF20BED6250005969D /* Build configuration list for PBXNativeTarget "strongestMageUITests" */ = {
			isa = XCConfigurationList;
			buildConfigurations = (
				8825830020BED6250005969D /* Debug */,
				8825830120BED6250005969D /* Release */,
			);
			defaultConfigurationIsVisible = 0;
			defaultConfigurationName = Release;
		};
/* End XCConfigurationList section */
	};
	rootObject = 882582C920BED6220005969D /* Project object */;
}
